
Microsoft Visual Studio Solution File, Format Version 12.00
# Visual Studio Version 17
VisualStudioVersion = 17.4.33403.182
MinimumVisualStudioVersion = 10.0.40219.1
Project("{FAE04EC0-301F-11D3-BF4B-00C04F79EFBC}") = "SRP", "SRP\SRP.csproj", "{7465ACE2-4F4E-48A3-822F-09CA5DF9CFEA}"
EndProject
Project("{FAE04EC0-301F-11D3-BF4B-00C04F79EFBC}") = "OCP", "OCP\OCP.csproj", "{2987BFAA-5760-4DAD-8DB6-B2F6408A5EC3}"
EndProject
Global
	GlobalSection(SolutionConfigurationPlatforms) = preSolution
		Debug|Any CPU = Debug|Any CPU
		Release|Any CPU = Release|Any CPU
	EndGlobalSection
	GlobalSection(ProjectConfigurationPlatforms) = postSolution
		{7465ACE2-4F4E-48A3-822F-09CA5DF9CFEA}.Debug|Any CPU.ActiveCfg = Debug|Any CPU
		{7465ACE2-4F4E-48A3-822F-09CA5DF9CFEA}.Debug|Any CPU.Build.0 = Debug|Any CPU
		{7465ACE2-4F4E-48A3-822F-09CA5DF9CFEA}.Release|Any CPU.ActiveCfg = Release|Any CPU
		{7465ACE2-4F4E-48A3-822F-09CA5DF9CFEA}.Release|Any CPU.Build.0 = Release|Any CPU
		{2987BFAA-5760-4DAD-8DB6-B2F6408A5EC3}.Debug|Any CPU.ActiveCfg = Debug|Any CPU
		{2987BFAA-5760-4DAD-8DB6-B2F6408A5EC3}.Debug|Any CPU.Build.0 = Debug|Any CPU
		{2987BFAA-5760-4DAD-8DB6-B2F6408A5EC3}.Release|Any CPU.ActiveCfg = Release|Any CPU
		{2987BFAA-5760-4DAD-8DB6-B2F6408A5EC3}.Release|Any CPU.Build.0 = Release|Any CPU
	EndGlobalSection
	GlobalSection(SolutionProperties) = preSolution
		HideSolutionNode = FALSE
	EndGlobalSection
	GlobalSection(ExtensibilityGlobals) = postSolution
		SolutionGuid = {EF9A5521-A3EA-43FC-999B-B7F53AA741CD}
	EndGlobalSection
EndGlobal
